# This file was autogenerated by Stack.
# You should not edit this file by hand.
# For more information, please see the documentation at:
#   https://docs.haskellstack.org/en/stable/lock_files

packages:
- completed:
    hackage: singletons-2.7@sha256:558f88d376f30e8dabde9163a96d2ebcbe2fe533e08d20ab136eea91ad046da3,7605
    pantry-tree:
      size: 25263
      sha256: 6ec860e87ab600c54c61cdf5afe5d7654ea6ab71897401ba11d43e94d96355d5
  original:
    hackage: singletons-2.7@sha256:558f88d376f30e8dabde9163a96d2ebcbe2fe533e08d20ab136eea91ad046da3
snapshots:
- completed:
    size: 585603
    url: https://raw.githubusercontent.com/commercialhaskell/stackage-snapshots/master/lts/18/3.yaml
    sha256: 694573e96dca34db5636edb1fe6c96bb233ca0f9fb96c1ead1671cdfa9bd73e9
  original:
    url: https://raw.githubusercontent.com/commercialhaskell/stackage-snapshots/master/lts/18/3.yaml
